
Microsoft Visual Studio Solution File, Format Version 12.00
# Visual Studio Version 17
VisualStudioVersion = 17.14.37628.2 d17.14
MinimumVisualStudioVersion = 10.0.40219.1
Project("{888888A0-9F3D-457C-B088-3A5042F75D52}") = "dnd-toolkit", "dnd-toolkit.pyproj", "{E41DBB9C-EE1F-494E-8637-83AA459CCE30}"
EndProject
Global
	GlobalSection(SolutionConfigurationPlatforms) = preSolution
		Debug|Any CPU = Debug|Any CPU
		Release|Any CPU = Release|Any CPU
	EndGlobalSection
	GlobalSection(ProjectConfigurationPlatforms) = postSolution
		{E41DBB9C-EE1F-494E-8637-83AA459CCE30}.Debug|Any CPU.ActiveCfg = Debug|Any CPU
		{E41DBB9C-EE1F-494E-8637-83AA459CCE30}.Release|Any CPU.ActiveCfg = Release|Any CPU
	EndGlobalSection
	GlobalSection(SolutionProperties) = preSolution
		HideSolutionNode = FALSE
	EndGlobalSection
	GlobalSection(ExtensibilityGlobals) = postSolution
		SolutionGuid = {75462B49-FD6B-42FB-B938-4B75B95C75C7}
	EndGlobalSection
EndGlobal
